// !$*UTF8*$!
{
	archiveVersion = 1;
	classes = {
	};
	objectVersion = 50;
	objects = {

/* Begin PBXBuildFile section */
		4A00A3A627FE83790071C50F /* Logic+Command.swift in Sources */ = {isa = PBXBuildFile; fileRef = 4A00A3A527FE83790071C50F /* Logic+Command.swift */; };
		4A00A3AE2803DDF30071C50F /* Room.swift in Sources */ = {isa = PBXBuildFile; fileRef = 4A00A3AD2803DDF30071C50F /* Room.swift */; };
		4A00A3B32803DE660071C50F /* GameData+Load.swift in Sources */ = {isa = PBXBuildFile; fileRef = 4A00A3B22803DE660071C50F /* GameData+Load.swift */; };
		4A00A3BD2803E65F0071C50F /* Logic+Data.swift in Sources */ = {isa = PBXBuildFile; fileRef = 4A00A3BC2803E65F0071C50F /* Logic+Data.swift */; };
		4A01394C2825BC9A00943C5B /* Logic+Static.swift in Sources */ = {isa = PBXBuildFile; fileRef = 4A01394B2825BC9A00943C5B /* Logic+Static.swift */; };
		4A13153E27D2BACF0098908E /* Picture+Line.swift in Sources */ = {isa = PBXBuildFile; fileRef = 4A13153D27D2BACF0098908E /* Picture+Line.swift */; };
		4A13154327D2BC0C0098908E /* Picture+Fill.swift in Sources */ = {isa = PBXBuildFile; fileRef = 4A13154227D2BC0C0098908E /* Picture+Fill.swift */; };
		4A13154827D2BC440098908E /* Picture+Pen.swift in Sources */ = {isa = PBXBuildFile; fileRef = 4A13154727D2BC430098908E /* Picture+Pen.swift */; };
		4A28413027D409D600F61AD0 /* Words.swift in Sources */ = {isa = PBXBuildFile; fileRef = 4A28412F27D409D600F61AD0 /* Words.swift */; };
		4A28413527D552CE00F61AD0 /* Utils.swift in Sources */ = {isa = PBXBuildFile; fileRef = 4A28413427D552CE00F61AD0 /* Utils.swift */; };
		4A39A8EC27F544F300588EE9 /* Logic+ConditionCommand.swift in Sources */ = {isa = PBXBuildFile; fileRef = 4A39A8EB27F544F300588EE9 /* Logic+ConditionCommand.swift */; };
		4A691A9627C72DCA001352E9 /* AppDelegate.swift in Sources */ = {isa = PBXBuildFile; fileRef = 4A691A9527C72DCA001352E9 /* AppDelegate.swift */; };
		4A691A9827C72DCA001352E9 /* ViewController.swift in Sources */ = {isa = PBXBuildFile; fileRef = 4A691A9727C72DCA001352E9 /* ViewController.swift */; };
		4A691A9A27C72DD3001352E9 /* Assets.xcassets in Resources */ = {isa = PBXBuildFile; fileRef = 4A691A9927C72DD3001352E9 /* Assets.xcassets */; };
		4A691A9D27C72DD3001352E9 /* Main.storyboard in Resources */ = {isa = PBXBuildFile; fileRef = 4A691A9B27C72DD3001352E9 /* Main.storyboard */; };
		4A691AA927C72DD3001352E9 /* AGITests.swift in Sources */ = {isa = PBXBuildFile; fileRef = 4A691AA827C72DD3001352E9 /* AGITests.swift */; };
		4A691AB427C72DD3001352E9 /* AGIUITests.swift in Sources */ = {isa = PBXBuildFile; fileRef = 4A691AB327C72DD3001352E9 /* AGIUITests.swift */; };
		4A691AC527C72EE0001352E9 /* GameData.swift in Sources */ = {isa = PBXBuildFile; fileRef = 4A691AC427C72EE0001352E9 /* GameData.swift */; };
		4A691ACA27C72EF4001352E9 /* Picture.swift in Sources */ = {isa = PBXBuildFile; fileRef = 4A691AC927C72EF4001352E9 /* Picture.swift */; };
		4A691AD727C73849001352E9 /* Directory.swift in Sources */ = {isa = PBXBuildFile; fileRef = 4A691AD627C73849001352E9 /* Directory.swift */; };
		4A691ADF27C74F1C001352E9 /* Volume.swift in Sources */ = {isa = PBXBuildFile; fileRef = 4A691ADE27C74F1C001352E9 /* Volume.swift */; };
		4A69A0FA28125C340078B266 /* Logic+OperationCommand.swift in Sources */ = {isa = PBXBuildFile; fileRef = 4A69A0F928125C340078B266 /* Logic+OperationCommand.swift */; };
		4A69A10228125C7B0078B266 /* Logic+ControlCommand.swift in Sources */ = {isa = PBXBuildFile; fileRef = 4A69A10128125C7B0078B266 /* Logic+ControlCommand.swift */; };
		4A88746027DD889200B0F62F /* View.swift in Sources */ = {isa = PBXBuildFile; fileRef = 4A88745F27DD889200B0F62F /* View.swift */; };
		4A88746527DE8BB600B0F62F /* DataExtraction.swift in Sources */ = {isa = PBXBuildFile; fileRef = 4A88746427DE8BB600B0F62F /* DataExtraction.swift */; };
		4A8AB97428223487005C925C /* LogicControlTests.swift in Sources */ = {isa = PBXBuildFile; fileRef = 4A8AB97328223487005C925C /* LogicControlTests.swift */; };
		4AAC8B8C27E969C000D00FF4 /* Logic.swift in Sources */ = {isa = PBXBuildFile; fileRef = 4AAC8B8B27E969C000D00FF4 /* Logic.swift */; };
		4AAC8B9127E96A1B00D00FF4 /* Resource.swift in Sources */ = {isa = PBXBuildFile; fileRef = 4AAC8B9027E96A1B00D00FF4 /* Resource.swift */; };
		4AD075FC28221C6A0051EB6C /* LogicConditionTests.swift in Sources */ = {isa = PBXBuildFile; fileRef = 4AD075FB28221C6A0051EB6C /* LogicConditionTests.swift */; };
		4ADEFCF6281A3F6C00FE7B73 /* ScreenObject.swift in Sources */ = {isa = PBXBuildFile; fileRef = 4ADEFCF5281A3F6C00FE7B73 /* ScreenObject.swift */; };
		4AFBAA3227D5A88900193D77 /* Inventory.swift in Sources */ = {isa = PBXBuildFile; fileRef = 4AFBAA3127D5A88900193D77 /* Inventory.swift */; };
/* End PBXBuildFile section */

/* Begin PBXContainerItemProxy section */
		4A691AA527C72DD3001352E9 /* PBXContainerItemProxy */ = {
			isa = PBXContainerItemProxy;
			containerPortal = 4A691A8A27C72DC9001352E9 /* Project object */;
			proxyType = 1;
			remoteGlobalIDString = 4A691A9127C72DCA001352E9;
			remoteInfo = AGI;
		};
		4A691AB027C72DD3001352E9 /* PBXContainerItemProxy */ = {
			isa = PBXContainerItemProxy;
			containerPortal = 4A691A8A27C72DC9001352E9 /* Project object */;
			proxyType = 1;
			remoteGlobalIDString = 4A691A9127C72DCA001352E9;
			remoteInfo = AGI;
		};
/* End PBXContainerItemProxy section */

/* Begin PBXFileReference section */
		4A00A3A527FE83790071C50F /* Logic+Command.swift */ = {isa = PBXFileReference; lastKnownFileType = sourcecode.swift; path = "Logic+Command.swift"; sourceTree = "<group>"; };
		4A00A3AD2803DDF30071C50F /* Room.swift */ = {isa = PBXFileReference; lastKnownFileType = sourcecode.swift; path = Room.swift; sourceTree = "<group>"; };
		4A00A3B22803DE660071C50F /* GameData+Load.swift */ = {isa = PBXFileReference; lastKnownFileType = sourcecode.swift; path = "GameData+Load.swift"; sourceTree = "<group>"; };
		4A00A3BC2803E65F0071C50F /* Logic+Data.swift */ = {isa = PBXFileReference; lastKnownFileType = sourcecode.swift; path = "Logic+Data.swift"; sourceTree = "<group>"; };
		4A01394B2825BC9A00943C5B /* Logic+Static.swift */ = {isa = PBXFileReference; lastKnownFileType = sourcecode.swift; path = "Logic+Static.swift"; sourceTree = "<group>"; };
		4A13153D27D2BACF0098908E /* Picture+Line.swift */ = {isa = PBXFileReference; lastKnownFileType = sourcecode.swift; path = "Picture+Line.swift"; sourceTree = "<group>"; };
		4A13154227D2BC0C0098908E /* Picture+Fill.swift */ = {isa = PBXFileReference; lastKnownFileType = sourcecode.swift; path = "Picture+Fill.swift"; sourceTree = "<group>"; };
		4A13154727D2BC430098908E /* Picture+Pen.swift */ = {isa = PBXFileReference; lastKnownFileType = sourcecode.swift; path = "Picture+Pen.swift"; sourceTree = "<group>"; };
		4A28412F27D409D600F61AD0 /* Words.swift */ = {isa = PBXFileReference; lastKnownFileType = sourcecode.swift; path = Words.swift; sourceTree = "<group>"; };
		4A28413427D552CE00F61AD0 /* Utils.swift */ = {isa = PBXFileReference; lastKnownFileType = sourcecode.swift; path = Utils.swift; sourceTree = "<group>"; };
		4A39A8EB27F544F300588EE9 /* Logic+ConditionCommand.swift */ = {isa = PBXFileReference; lastKnownFileType = sourcecode.swift; path = "Logic+ConditionCommand.swift"; sourceTree = "<group>"; };
		4A691A9227C72DCA001352E9 /* AGI.app */ = {isa = PBXFileReference; explicitFileType = wrapper.application; includeInIndex = 0; path = AGI.app; sourceTree = BUILT_PRODUCTS_DIR; };
		4A691A9527C72DCA001352E9 /* AppDelegate.swift */ = {isa = PBXFileReference; lastKnownFileType = sourcecode.swift; path = AppDelegate.swift; sourceTree = "<group>"; };
		4A691A9727C72DCA001352E9 /* ViewController.swift */ = {isa = PBXFileReference; lastKnownFileType = sourcecode.swift; path = ViewController.swift; sourceTree = "<group>"; };
		4A691A9927C72DD3001352E9 /* Assets.xcassets */ = {isa = PBXFileReference; lastKnownFileType = folder.assetcatalog; path = Assets.xcassets; sourceTree = "<group>"; };
		4A691A9C27C72DD3001352E9 /* Base */ = {isa = PBXFileReference; lastKnownFileType = file.storyboard; name = Base; path = Base.lproj/Main.storyboard; sourceTree = "<group>"; };
		4A691A9E27C72DD3001352E9 /* Info.plist */ = {isa = PBXFileReference; lastKnownFileType = text.plist.xml; path = Info.plist; sourceTree = "<group>"; };
		4A691A9F27C72DD3001352E9 /* AGI.entitlements */ = {isa = PBXFileReference; lastKnownFileType = text.plist.entitlements; path = AGI.entitlements; sourceTree = "<group>"; };
		4A691AA427C72DD3001352E9 /* AGITests.xctest */ = {isa = PBXFileReference; explicitFileType = wrapper.cfbundle; includeInIndex = 0; path = AGITests.xctest; sourceTree = BUILT_PRODUCTS_DIR; };
		4A691AA827C72DD3001352E9 /* AGITests.swift */ = {isa = PBXFileReference; lastKnownFileType = sourcecode.swift; path = AGITests.swift; sourceTree = "<group>"; };
		4A691AAA27C72DD3001352E9 /* Info.plist */ = {isa = PBXFileReference; lastKnownFileType = text.plist.xml; path = Info.plist; sourceTree = "<group>"; };
		4A691AAF27C72DD3001352E9 /* AGIUITests.xctest */ = {isa = PBXFileReference; explicitFileType = wrapper.cfbundle; includeInIndex = 0; path = AGIUITests.xctest; sourceTree = BUILT_PRODUCTS_DIR; };
		4A691AB327C72DD3001352E9 /* AGIUITests.swift */ = {isa = PBXFileReference; lastKnownFileType = sourcecode.swift; path = AGIUITests.swift; sourceTree = "<group>"; };
		4A691AB527C72DD3001352E9 /* Info.plist */ = {isa = PBXFileReference; lastKnownFileType = text.plist.xml; path = Info.plist; sourceTree = "<group>"; };
		4A691AC427C72EE0001352E9 /* GameData.swift */ = {isa = PBXFileReference; lastKnownFileType = sourcecode.swift; path = GameData.swift; sourceTree = "<group>"; };
		4A691AC927C72EF4001352E9 /* Picture.swift */ = {isa = PBXFileReference; lastKnownFileType = sourcecode.swift; path = Picture.swift; sourceTree = "<group>"; };
		4A691AD627C73849001352E9 /* Directory.swift */ = {isa = PBXFileReference; lastKnownFileType = sourcecode.swift; path = Directory.swift; sourceTree = "<group>"; };
		4A691ADE27C74F1C001352E9 /* Volume.swift */ = {isa = PBXFileReference; lastKnownFileType = sourcecode.swift; path = Volume.swift; sourceTree = "<group>"; };
		4A69A0F928125C340078B266 /* Logic+OperationCommand.swift */ = {isa = PBXFileReference; lastKnownFileType = sourcecode.swift; path = "Logic+OperationCommand.swift"; sourceTree = "<group>"; };
		4A69A10128125C7B0078B266 /* Logic+ControlCommand.swift */ = {isa = PBXFileReference; lastKnownFileType = sourcecode.swift; path = "Logic+ControlCommand.swift"; sourceTree = "<group>"; };
		4A88745F27DD889200B0F62F /* View.swift */ = {isa = PBXFileReference; lastKnownFileType = sourcecode.swift; path = View.swift; sourceTree = "<group>"; };
		4A88746427DE8BB600B0F62F /* DataExtraction.swift */ = {isa = PBXFileReference; lastKnownFileType = sourcecode.swift; path = DataExtraction.swift; sourceTree = "<group>"; };
		4A8AB97328223487005C925C /* LogicControlTests.swift */ = {isa = PBXFileReference; lastKnownFileType = sourcecode.swift; path = LogicControlTests.swift; sourceTree = "<group>"; };
		4AAC8B8B27E969C000D00FF4 /* Logic.swift */ = {isa = PBXFileReference; lastKnownFileType = sourcecode.swift; path = Logic.swift; sourceTree = "<group>"; };
		4AAC8B9027E96A1B00D00FF4 /* Resource.swift */ = {isa = PBXFileReference; lastKnownFileType = sourcecode.swift; path = Resource.swift; sourceTree = "<group>"; };
		4AD075FB28221C6A0051EB6C /* LogicConditionTests.swift */ = {isa = PBXFileReference; lastKnownFileType = sourcecode.swift; path = LogicConditionTests.swift; sourceTree = "<group>"; };
		4ADEFCF5281A3F6C00FE7B73 /* ScreenObject.swift */ = {isa = PBXFileReference; lastKnownFileType = sourcecode.swift; path = ScreenObject.swift; sourceTree = "<group>"; };
		4AFBAA3127D5A88900193D77 /* Inventory.swift */ = {isa = PBXFileReference; lastKnownFileType = sourcecode.swift; path = Inventory.swift; sourceTree = "<group>"; };
/* End PBXFileReference section */

/* Begin PBXFrameworksBuildPhase section */
		4A691A8F27C72DCA001352E9 /* Frameworks */ = {
			isa = PBXFrameworksBuildPhase;
			buildActionMask = 2147483647;
			files = (
			);
			runOnlyForDeploymentPostprocessing = 0;
		};
		4A691AA127C72DD3001352E9 /* Frameworks */ = {
			isa = PBXFrameworksBuildPhase;
			buildActionMask = 2147483647;
			files = (
			);
			runOnlyForDeploymentPostprocessing = 0;
		};
		4A691AAC27C72DD3001352E9 /* Frameworks */ = {
			isa = PBXFrameworksBuildPhase;
			buildActionMask = 2147483647;
			files = (
			);
			runOnlyForDeploymentPostprocessing = 0;
		};
/* End PBXFrameworksBuildPhase section */

/* Begin PBXGroup section */
		4A11F8E727E54C8A008099C3 /* AGI Engine */ = {
			isa = PBXGroup;
			children = (
				4A691AC427C72EE0001352E9 /* GameData.swift */,
				4A00A3B22803DE660071C50F /* GameData+Load.swift */,
				4A00A3AD2803DDF30071C50F /* Room.swift */,
				4AAC8B9027E96A1B00D00FF4 /* Resource.swift */,
				4A11F8EB27E54CF5008099C3 /* Logic */,
				4A11F8E927E54CB4008099C3 /* Data */,
				4A11F8E827E54C98008099C3 /* Drawing */,
				4A11F8EA27E54CC6008099C3 /* Utils */,
			);
			path = "AGI Engine";
			sourceTree = "<group>";
		};
		4A11F8E827E54C98008099C3 /* Drawing */ = {
			isa = PBXGroup;
			children = (
				4A88745F27DD889200B0F62F /* View.swift */,
				4A691AC927C72EF4001352E9 /* Picture.swift */,
				4A13154727D2BC430098908E /* Picture+Pen.swift */,
				4A13154227D2BC0C0098908E /* Picture+Fill.swift */,
				4A13153D27D2BACF0098908E /* Picture+Line.swift */,
			);
			path = Drawing;
			sourceTree = "<group>";
		};
		4A11F8E927E54CB4008099C3 /* Data */ = {
			isa = PBXGroup;
			children = (
				4A691AD627C73849001352E9 /* Directory.swift */,
				4A691ADE27C74F1C001352E9 /* Volume.swift */,
				4AFBAA3127D5A88900193D77 /* Inventory.swift */,
				4A28412F27D409D600F61AD0 /* Words.swift */,
			);
			path = Data;
			sourceTree = "<group>";
		};
		4A11F8EA27E54CC6008099C3 /* Utils */ = {
			isa = PBXGroup;
			children = (
				4A28413427D552CE00F61AD0 /* Utils.swift */,
				4A88746427DE8BB600B0F62F /* DataExtraction.swift */,
			);
			path = Utils;
			sourceTree = "<group>";
		};
		4A11F8EB27E54CF5008099C3 /* Logic */ = {
			isa = PBXGroup;
			children = (
				4AAC8B8B27E969C000D00FF4 /* Logic.swift */,
				4A01394B2825BC9A00943C5B /* Logic+Static.swift */,
				4A00A3BC2803E65F0071C50F /* Logic+Data.swift */,
				4A00A3A527FE83790071C50F /* Logic+Command.swift */,
				4A69A10128125C7B0078B266 /* Logic+ControlCommand.swift */,
				4A39A8EB27F544F300588EE9 /* Logic+ConditionCommand.swift */,
				4A69A0F928125C340078B266 /* Logic+OperationCommand.swift */,
				4ADEFCF5281A3F6C00FE7B73 /* ScreenObject.swift */,
			);
			path = Logic;
			sourceTree = "<group>";
		};
		4A691A8927C72DC9001352E9 = {
			isa = PBXGroup;
			children = (
				4A691A9427C72DCA001352E9 /* AGI */,
				4A691AA727C72DD3001352E9 /* AGITests */,
				4A691AB227C72DD3001352E9 /* AGIUITests */,
				4A691A9327C72DCA001352E9 /* Products */,
			);
			sourceTree = "<group>";
		};
		4A691A9327C72DCA001352E9 /* Products */ = {
			isa = PBXGroup;
			children = (
				4A691A9227C72DCA001352E9 /* AGI.app */,
				4A691AA427C72DD3001352E9 /* AGITests.xctest */,
				4A691AAF27C72DD3001352E9 /* AGIUITests.xctest */,
			);
			name = Products;
			sourceTree = "<group>";
		};
		4A691A9427C72DCA001352E9 /* AGI */ = {
			isa = PBXGroup;
			children = (
				4A691A9527C72DCA001352E9 /* AppDelegate.swift */,
				4A691A9727C72DCA001352E9 /* ViewController.swift */,
				4A691A9927C72DD3001352E9 /* Assets.xcassets */,
				4A691A9B27C72DD3001352E9 /* Main.storyboard */,
				4A691A9E27C72DD3001352E9 /* Info.plist */,
				4A691A9F27C72DD3001352E9 /* AGI.entitlements */,
				4A11F8E727E54C8A008099C3 /* AGI Engine */,
			);
			path = AGI;
			sourceTree = "<group>";
		};
		4A691AA727C72DD3001352E9 /* AGITests */ = {
			isa = PBXGroup;
			children = (
				4A8AB97328223487005C925C /* LogicControlTests.swift */,
				4AD075FB28221C6A0051EB6C /* LogicConditionTests.swift */,
				4A691AA827C72DD3001352E9 /* AGITests.swift */,
				4A691AAA27C72DD3001352E9 /* Info.plist */,
			);
			path = AGITests;
			sourceTree = "<group>";
		};
		4A691AB227C72DD3001352E9 /* AGIUITests */ = {
			isa = PBXGroup;
			children = (
				4A691AB327C72DD3001352E9 /* AGIUITests.swift */,
				4A691AB527C72DD3001352E9 /* Info.plist */,
			);
			path = AGIUITests;
			sourceTree = "<group>";
		};
/* End PBXGroup section */

/* Begin PBXNativeTarget section */
		4A691A9127C72DCA001352E9 /* AGI */ = {
			isa = PBXNativeTarget;
			buildConfigurationList = 4A691AB827C72DD3001352E9 /* Build configuration list for PBXNativeTarget "AGI" */;
			buildPhases = (
				4A691A8E27C72DCA001352E9 /* Sources */,
				4A691A8F27C72DCA001352E9 /* Frameworks */,
				4A691A9027C72DCA001352E9 /* Resources */,
			);
			buildRules = (
			);
			dependencies = (
			);
			name = AGI;
			productName = AGI;
			productReference = 4A691A9227C72DCA001352E9 /* AGI.app */;
			productType = "com.apple.product-type.application";
		};
		4A691AA327C72DD3001352E9 /* AGITests */ = {
			isa = PBXNativeTarget;
			buildConfigurationList = 4A691ABB27C72DD3001352E9 /* Build configuration list for PBXNativeTarget "AGITests" */;
			buildPhases = (
				4A691AA027C72DD3001352E9 /* Sources */,
				4A691AA127C72DD3001352E9 /* Frameworks */,
				4A691AA227C72DD3001352E9 /* Resources */,
			);
			buildRules = (
			);
			dependencies = (
				4A691AA627C72DD3001352E9 /* PBXTargetDependency */,
			);
			name = AGITests;
			productName = AGITests;
			productReference = 4A691AA427C72DD3001352E9 /* AGITests.xctest */;
			productType = "com.apple.product-type.bundle.unit-test";
		};
		4A691AAE27C72DD3001352E9 /* AGIUITests */ = {
			isa = PBXNativeTarget;
			buildConfigurationList = 4A691ABE27C72DD3001352E9 /* Build configuration list for PBXNativeTarget "AGIUITests" */;
			buildPhases = (
				4A691AAB27C72DD3001352E9 /* Sources */,
				4A691AAC27C72DD3001352E9 /* Frameworks */,
				4A691AAD27C72DD3001352E9 /* Resources */,
			);
			buildRules = (
			);
			dependencies = (
				4A691AB127C72DD3001352E9 /* PBXTargetDependency */,
			);
			name = AGIUITests;
			productName = AGIUITests;
			productReference = 4A691AAF27C72DD3001352E9 /* AGIUITests.xctest */;
			productType = "com.apple.product-type.bundle.ui-testing";
		};
/* End PBXNativeTarget section */

/* Begin PBXProject section */
		4A691A8A27C72DC9001352E9 /* Project object */ = {
			isa = PBXProject;
			attributes = {
				LastSwiftUpdateCheck = 1240;
				LastUpgradeCheck = 1240;
				TargetAttributes = {
					4A691A9127C72DCA001352E9 = {
						CreatedOnToolsVersion = 12.4;
					};
					4A691AA327C72DD3001352E9 = {
						CreatedOnToolsVersion = 12.4;
						TestTargetID = 4A691A9127C72DCA001352E9;
					};
					4A691AAE27C72DD3001352E9 = {
						CreatedOnToolsVersion = 12.4;
						TestTargetID = 4A691A9127C72DCA001352E9;
					};
				};
			};
			buildConfigurationList = 4A691A8D27C72DC9001352E9 /* Build configuration list for PBXProject "AGI" */;
			compatibilityVersion = "Xcode 9.3";
			developmentRegion = en;
			hasScannedForEncodings = 0;
			knownRegions = (
				en,
				Base,
			);
			mainGroup = 4A691A8927C72DC9001352E9;
			productRefGroup = 4A691A9327C72DCA001352E9 /* Products */;
			projectDirPath = "";
			projectRoot = "";
			targets = (
				4A691A9127C72DCA001352E9 /* AGI */,
				4A691AA327C72DD3001352E9 /* AGITests */,
				4A691AAE27C72DD3001352E9 /* AGIUITests */,
			);
		};
/* End PBXProject section */

/* Begin PBXResourcesBuildPhase section */
		4A691A9027C72DCA001352E9 /* Resources */ = {
			isa = PBXResourcesBuildPhase;
			buildActionMask = 2147483647;
			files = (
				4A691A9A27C72DD3001352E9 /* Assets.xcassets in Resources */,
				4A691A9D27C72DD3001352E9 /* Main.storyboard in Resources */,
			);
			runOnlyForDeploymentPostprocessing = 0;
		};
		4A691AA227C72DD3001352E9 /* Resources */ = {
			isa = PBXResourcesBuildPhase;
			buildActionMask = 2147483647;
			files = (
			);
			runOnlyForDeploymentPostprocessing = 0;
		};
		4A691AAD27C72DD3001352E9 /* Resources */ = {
			isa = PBXResourcesBuildPhase;
			buildActionMask = 2147483647;
			files = (
			);
			runOnlyForDeploymentPostprocessing = 0;
		};
/* End PBXResourcesBuildPhase section */

/* Begin PBXSourcesBuildPhase section */
		4A691A8E27C72DCA001352E9 /* Sources */ = {
			isa = PBXSourcesBuildPhase;
			buildActionMask = 2147483647;
			files = (
				4A88746027DD889200B0F62F /* View.swift in Sources */,
				4AAC8B9127E96A1B00D00FF4 /* Resource.swift in Sources */,
				4A00A3AE2803DDF30071C50F /* Room.swift in Sources */,
				4AAC8B8C27E969C000D00FF4 /* Logic.swift in Sources */,
				4ADEFCF6281A3F6C00FE7B73 /* ScreenObject.swift in Sources */,
				4A00A3BD2803E65F0071C50F /* Logic+Data.swift in Sources */,
				4A691ACA27C72EF4001352E9 /* Picture.swift in Sources */,
				4A01394C2825BC9A00943C5B /* Logic+Static.swift in Sources */,
				4A00A3B32803DE660071C50F /* GameData+Load.swift in Sources */,
				4A691A9827C72DCA001352E9 /* ViewController.swift in Sources */,
				4A691AC527C72EE0001352E9 /* GameData.swift in Sources */,
				4A13154327D2BC0C0098908E /* Picture+Fill.swift in Sources */,
				4A88746527DE8BB600B0F62F /* DataExtraction.swift in Sources */,
				4A69A10228125C7B0078B266 /* Logic+ControlCommand.swift in Sources */,
				4A691ADF27C74F1C001352E9 /* Volume.swift in Sources */,
				4A69A0FA28125C340078B266 /* Logic+OperationCommand.swift in Sources */,
				4A39A8EC27F544F300588EE9 /* Logic+ConditionCommand.swift in Sources */,
				4A00A3A627FE83790071C50F /* Logic+Command.swift in Sources */,
				4A13153E27D2BACF0098908E /* Picture+Line.swift in Sources */,
				4A691A9627C72DCA001352E9 /* AppDelegate.swift in Sources */,
				4A28413527D552CE00F61AD0 /* Utils.swift in Sources */,
				4A13154827D2BC440098908E /* Picture+Pen.swift in Sources */,
				4A691AD727C73849001352E9 /* Directory.swift in Sources */,
				4AFBAA3227D5A88900193D77 /* Inventory.swift in Sources */,
				4A28413027D409D600F61AD0 /* Words.swift in Sources */,
			);
			runOnlyForDeploymentPostprocessing = 0;
		};
		4A691AA027C72DD3001352E9 /* Sources */ = {
			isa = PBXSourcesBuildPhase;
			buildActionMask = 2147483647;
			files = (
				4A8AB97428223487005C925C /* LogicControlTests.swift in Sources */,
				4AD075FC28221C6A0051EB6C /* LogicConditionTests.swift in Sources */,
				4A691AA927C72DD3001352E9 /* AGITests.swift in Sources */,
			);
			runOnlyForDeploymentPostprocessing = 0;
		};
		4A691AAB27C72DD3001352E9 /* Sources */ = {
			isa = PBXSourcesBuildPhase;
			buildActionMask = 2147483647;
			files = (
				4A691AB427C72DD3001352E9 /* AGIUITests.swift in Sources */,
			);
			runOnlyForDeploymentPostprocessing = 0;
		};
/* End PBXSourcesBuildPhase section */

/* Begin PBXTargetDependency section */
		4A691AA627C72DD3001352E9 /* PBXTargetDependency */ = {
			isa = PBXTargetDependency;
			target = 4A691A9127C72DCA001352E9 /* AGI */;
			targetProxy = 4A691AA527C72DD3001352E9 /* PBXContainerItemProxy */;
		};
		4A691AB127C72DD3001352E9 /* PBXTargetDependency */ = {
			isa = PBXTargetDependency;
			target = 4A691A9127C72DCA001352E9 /* AGI */;
			targetProxy = 4A691AB027C72DD3001352E9 /* PBXContainerItemProxy */;
		};
/* End PBXTargetDependency section */

/* Begin PBXVariantGroup section */
		4A691A9B27C72DD3001352E9 /* Main.storyboard */ = {
			isa = PBXVariantGroup;
			children = (
				4A691A9C27C72DD3001352E9 /* Base */,
			);
			name = Main.storyboard;
			sourceTree = "<group>";
		};
/* End PBXVariantGroup section */

/* Begin XCBuildConfiguration section */
		4A691AB627C72DD3001352E9 /* Debug */ = {
			isa = XCBuildConfiguration;
			buildSettings = {
				ALWAYS_SEARCH_USER_PATHS = NO;
				CLANG_ANALYZER_NONNULL = YES;
				CLANG_ANALYZER_NUMBER_OBJECT_CONVERSION = YES_AGGRESSIVE;
				CLANG_CXX_LANGUAGE_STANDARD = "gnu++14";
				CLANG_CXX_LIBRARY = "libc++";
				CLANG_ENABLE_MODULES = YES;
				CLANG_ENABLE_OBJC_ARC = YES;
				CLANG_ENABLE_OBJC_WEAK = YES;
				CLANG_WARN_BLOCK_CAPTURE_AUTORELEASING = YES;
				CLANG_WARN_BOOL_CONVERSION = YES;
				CLANG_WARN_COMMA = YES;
				CLANG_WARN_CONSTANT_CONVERSION = YES;
				CLANG_WARN_DEPRECATED_OBJC_IMPLEMENTATIONS = YES;
				CLANG_WARN_DIRECT_OBJC_ISA_USAGE = YES_ERROR;
				CLANG_WARN_DOCUMENTATION_COMMENTS = YES;
				CLANG_WARN_EMPTY_BODY = YES;
				CLANG_WARN_ENUM_CONVERSION = YES;
				CLANG_WARN_INFINITE_RECURSION = YES;
				CLANG_WARN_INT_CONVERSION = YES;
				CLANG_WARN_NON_LITERAL_NULL_CONVERSION = YES;
				CLANG_WARN_OBJC_IMPLICIT_RETAIN_SELF = YES;
				CLANG_WARN_OBJC_LITERAL_CONVERSION = YES;
				CLANG_WARN_OBJC_ROOT_CLASS = YES_ERROR;
				CLANG_WARN_QUOTED_INCLUDE_IN_FRAMEWORK_HEADER = YES;
				CLANG_WARN_RANGE_LOOP_ANALYSIS = YES;
				CLANG_WARN_STRICT_PROTOTYPES = YES;
				CLANG_WARN_SUSPICIOUS_MOVE = YES;
				CLANG_WARN_UNGUARDED_AVAILABILITY = YES_AGGRESSIVE;
				CLANG_WARN_UNREACHABLE_CODE = YES;
				CLANG_WARN__DUPLICATE_METHOD_MATCH = YES;
				COPY_PHASE_STRIP = NO;
				DEBUG_INFORMATION_FORMAT = dwarf;
				ENABLE_STRICT_OBJC_MSGSEND = YES;
				ENABLE_TESTABILITY = YES;
				GCC_C_LANGUAGE_STANDARD = gnu11;
				GCC_DYNAMIC_NO_PIC = NO;
				GCC_NO_COMMON_BLOCKS = YES;
				GCC_OPTIMIZATION_LEVEL = 0;
				GCC_PREPROCESSOR_DEFINITIONS = (
					"DEBUG=1",
					"$(inherited)",
				);
				GCC_WARN_64_TO_32_BIT_CONVERSION = YES;
				GCC_WARN_ABOUT_RETURN_TYPE = YES_ERROR;
				GCC_WARN_UNDECLARED_SELECTOR = YES;
				GCC_WARN_UNINITIALIZED_AUTOS = YES_AGGRESSIVE;
				GCC_WARN_UNUSED_FUNCTION = YES;
				GCC_WARN_UNUSED_VARIABLE = YES;
				MACOSX_DEPLOYMENT_TARGET = 10.15;
				MTL_ENABLE_DEBUG_INFO = INCLUDE_SOURCE;
				MTL_FAST_MATH = YES;
				ONLY_ACTIVE_ARCH = YES;
				SDKROOT = macosx;
				SWIFT_ACTIVE_COMPILATION_CONDITIONS = DEBUG;
				SWIFT_OPTIMIZATION_LEVEL = "-Onone";
			};
			name = Debug;
		};
		4A691AB727C72DD3001352E9 /* Release */ = {
			isa = XCBuildConfiguration;
			buildSettings = {
				ALWAYS_SEARCH_USER_PATHS = NO;
				CLANG_ANALYZER_NONNULL = YES;
				CLANG_ANALYZER_NUMBER_OBJECT_CONVERSION = YES_AGGRESSIVE;
				CLANG_CXX_LANGUAGE_STANDARD = "gnu++14";
				CLANG_CXX_LIBRARY = "libc++";
				CLANG_ENABLE_MODULES = YES;
				CLANG_ENABLE_OBJC_ARC = YES;
				CLANG_ENABLE_OBJC_WEAK = YES;
				CLANG_WARN_BLOCK_CAPTURE_AUTORELEASING = YES;
				CLANG_WARN_BOOL_CONVERSION = YES;
				CLANG_WARN_COMMA = YES;
				CLANG_WARN_CONSTANT_CONVERSION = YES;
				CLANG_WARN_DEPRECATED_OBJC_IMPLEMENTATIONS = YES;
				CLANG_WARN_DIRECT_OBJC_ISA_USAGE = YES_ERROR;
				CLANG_WARN_DOCUMENTATION_COMMENTS = YES;
				CLANG_WARN_EMPTY_BODY = YES;
				CLANG_WARN_ENUM_CONVERSION = YES;
				CLANG_WARN_INFINITE_RECURSION = YES;
				CLANG_WARN_INT_CONVERSION = YES;
				CLANG_WARN_NON_LITERAL_NULL_CONVERSION = YES;
				CLANG_WARN_OBJC_IMPLICIT_RETAIN_SELF = YES;
				CLANG_WARN_OBJC_LITERAL_CONVERSION = YES;
				CLANG_WARN_OBJC_ROOT_CLASS = YES_ERROR;
				CLANG_WARN_QUOTED_INCLUDE_IN_FRAMEWORK_HEADER = YES;
				CLANG_WARN_RANGE_LOOP_ANALYSIS = YES;
				CLANG_WARN_STRICT_PROTOTYPES = YES;
				CLANG_WARN_SUSPICIOUS_MOVE = YES;
				CLANG_WARN_UNGUARDED_AVAILABILITY = YES_AGGRESSIVE;
				CLANG_WARN_UNREACHABLE_CODE = YES;
				CLANG_WARN__DUPLICATE_METHOD_MATCH = YES;
				COPY_PHASE_STRIP = NO;
				DEBUG_INFORMATION_FORMAT = "dwarf-with-dsym";
				ENABLE_NS_ASSERTIONS = NO;
				ENABLE_STRICT_OBJC_MSGSEND = YES;
				GCC_C_LANGUAGE_STANDARD = gnu11;
				GCC_NO_COMMON_BLOCKS = YES;
				GCC_WARN_64_TO_32_BIT_CONVERSION = YES;
				GCC_WARN_ABOUT_RETURN_TYPE = YES_ERROR;
				GCC_WARN_UNDECLARED_SELECTOR = YES;
				GCC_WARN_UNINITIALIZED_AUTOS = YES_AGGRESSIVE;
				GCC_WARN_UNUSED_FUNCTION = YES;
				GCC_WARN_UNUSED_VARIABLE = YES;
				MACOSX_DEPLOYMENT_TARGET = 10.15;
				MTL_ENABLE_DEBUG_INFO = NO;
				MTL_FAST_MATH = YES;
				SDKROOT = macosx;
				SWIFT_COMPILATION_MODE = wholemodule;
				SWIFT_OPTIMIZATION_LEVEL = "-O";
			};
			name = Release;
		};
		4A691AB927C72DD3001352E9 /* Debug */ = {
			isa = XCBuildConfiguration;
			buildSettings = {
				ASSETCATALOG_COMPILER_APPICON_NAME = AppIcon;
				ASSETCATALOG_COMPILER_GLOBAL_ACCENT_COLOR_NAME = AccentColor;
				CODE_SIGN_ENTITLEMENTS = AGI/AGI.entitlements;
				CODE_SIGN_STYLE = Automatic;
				COMBINE_HIDPI_IMAGES = YES;
				INFOPLIST_FILE = AGI/Info.plist;
				LD_RUNPATH_SEARCH_PATHS = (
					"$(inherited)",
					"@executable_path/../Frameworks",
				);
				PRODUCT_BUNDLE_IDENTIFIER = com.typhoonsoftware.AGI;
				PRODUCT_NAME = "$(TARGET_NAME)";
				SWIFT_VERSION = 5.0;
			};
			name = Debug;
		};
		4A691ABA27C72DD3001352E9 /* Release */ = {
			isa = XCBuildConfiguration;
			buildSettings = {
				ASSETCATALOG_COMPILER_APPICON_NAME = AppIcon;
				ASSETCATALOG_COMPILER_GLOBAL_ACCENT_COLOR_NAME = AccentColor;
				CODE_SIGN_ENTITLEMENTS = AGI/AGI.entitlements;
				CODE_SIGN_STYLE = Automatic;
				COMBINE_HIDPI_IMAGES = YES;
				INFOPLIST_FILE = AGI/Info.plist;
				LD_RUNPATH_SEARCH_PATHS = (
					"$(inherited)",
					"@executable_path/../Frameworks",
				);
				PRODUCT_BUNDLE_IDENTIFIER = com.typhoonsoftware.AGI;
				PRODUCT_NAME = "$(TARGET_NAME)";
				SWIFT_VERSION = 5.0;
			};
			name = Release;
		};
		4A691ABC27C72DD3001352E9 /* Debug */ = {
			isa = XCBuildConfiguration;
			buildSettings = {
				ALWAYS_EMBED_SWIFT_STANDARD_LIBRARIES = YES;
				BUNDLE_LOADER = "$(TEST_HOST)";
				CODE_SIGN_STYLE = Automatic;
				COMBINE_HIDPI_IMAGES = YES;
				INFOPLIST_FILE = AGITests/Info.plist;
				LD_RUNPATH_SEARCH_PATHS = (
					"$(inherited)",
					"@executable_path/../Frameworks",
					"@loader_path/../Frameworks",
				);
				MACOSX_DEPLOYMENT_TARGET = 10.15;
				PRODUCT_BUNDLE_IDENTIFIER = com.typhoonsoftware.AGITests;
				PRODUCT_NAME = "$(TARGET_NAME)";
				SWIFT_VERSION = 5.0;
				TEST_HOST = "$(BUILT_PRODUCTS_DIR)/AGI.app/Contents/MacOS/AGI";
			};
			name = Debug;
		};
		4A691ABD27C72DD3001352E9 /* Release */ = {
			isa = XCBuildConfiguration;
			buildSettings = {
				ALWAYS_EMBED_SWIFT_STANDARD_LIBRARIES = YES;
				BUNDLE_LOADER = "$(TEST_HOST)";
				CODE_SIGN_STYLE = Automatic;
				COMBINE_HIDPI_IMAGES = YES;
				INFOPLIST_FILE = AGITests/Info.plist;
				LD_RUNPATH_SEARCH_PATHS = (
					"$(inherited)",
					"@executable_path/../Frameworks",
					"@loader_path/../Frameworks",
				);
				MACOSX_DEPLOYMENT_TARGET = 10.15;
				PRODUCT_BUNDLE_IDENTIFIER = com.typhoonsoftware.AGITests;
				PRODUCT_NAME = "$(TARGET_NAME)";
				SWIFT_VERSION = 5.0;
				TEST_HOST = "$(BUILT_PRODUCTS_DIR)/AGI.app/Contents/MacOS/AGI";
			};
			name = Release;
		};
		4A691ABF27C72DD3001352E9 /* Debug */ = {
			isa = XCBuildConfiguration;
			buildSettings = {
				ALWAYS_EMBED_SWIFT_STANDARD_LIBRARIES = YES;
				CODE_SIGN_STYLE = Automatic;
				COMBINE_HIDPI_IMAGES = YES;
				INFOPLIST_FILE = AGIUITests/Info.plist;
				LD_RUNPATH_SEARCH_PATHS = (
					"$(inherited)",
					"@executable_path/../Frameworks",
					"@loader_path/../Frameworks",
				);
				PRODUCT_BUNDLE_IDENTIFIER = com.typhoonsoftware.AGIUITests;
				PRODUCT_NAME = "$(TARGET_NAME)";
				SWIFT_VERSION = 5.0;
				TEST_TARGET_NAME = AGI;
			};
			name = Debug;
		};
		4A691AC027C72DD3001352E9 /* Release */ = {
			isa = XCBuildConfiguration;
			buildSettings = {
				ALWAYS_EMBED_SWIFT_STANDARD_LIBRARIES = YES;
				CODE_SIGN_STYLE = Automatic;
				COMBINE_HIDPI_IMAGES = YES;
				INFOPLIST_FILE = AGIUITests/Info.plist;
				LD_RUNPATH_SEARCH_PATHS = (
					"$(inherited)",
					"@executable_path/../Frameworks",
					"@loader_path/../Frameworks",
				);
				PRODUCT_BUNDLE_IDENTIFIER = com.typhoonsoftware.AGIUITests;
				PRODUCT_NAME = "$(TARGET_NAME)";
				SWIFT_VERSION = 5.0;
				TEST_TARGET_NAME = AGI;
			};
			name = Release;
		};
/* End XCBuildConfiguration section */

/* Begin XCConfigurationList section */
		4A691A8D27C72DC9001352E9 /* Build configuration list for PBXProject "AGI" */ = {
			isa = XCConfigurationList;
			buildConfigurations = (
				4A691AB627C72DD3001352E9 /* Debug */,
				4A691AB727C72DD3001352E9 /* Release */,
			);
			defaultConfigurationIsVisible = 0;
			defaultConfigurationName = Release;
		};
		4A691AB827C72DD3001352E9 /* Build configuration list for PBXNativeTarget "AGI" */ = {
			isa = XCConfigurationList;
			buildConfigurations = (
				4A691AB927C72DD3001352E9 /* Debug */,
				4A691ABA27C72DD3001352E9 /* Release */,
			);
			defaultConfigurationIsVisible = 0;
			defaultConfigurationName = Release;
		};
		4A691ABB27C72DD3001352E9 /* Build configuration list for PBXNativeTarget "AGITests" */ = {
			isa = XCConfigurationList;
			buildConfigurations = (
				4A691ABC27C72DD3001352E9 /* Debug */,
				4A691ABD27C72DD3001352E9 /* Release */,
			);
			defaultConfigurationIsVisible = 0;
			defaultConfigurationName = Release;
		};
		4A691ABE27C72DD3001352E9 /* Build configuration list for PBXNativeTarget "AGIUITests" */ = {
			isa = XCConfigurationList;
			buildConfigurations = (
				4A691ABF27C72DD3001352E9 /* Debug */,
				4A691AC027C72DD3001352E9 /* Release */,
			);
			defaultConfigurationIsVisible = 0;
			defaultConfigurationName = Release;
		};
/* End XCConfigurationList section */
	};
	rootObject = 4A691A8A27C72DC9001352E9 /* Project object */;
}
